# This file is automatically @generated by Poetry 1.8.4 and should not be changed by hand.

[[package]]
name = "numpy"
version = "2.2.5"
description = "Fundamental package for array computing in Python"
optional = false
python-versions = ">=3.10"
files = [
    {file = "numpy-2.2.5-cp310-cp310-macosx_10_9_x86_64.whl", hash = "sha256:1f4a922da1729f4c40932b2af4fe84909c7a6e167e6e99f71838ce3a29f3fe26"},
    {file = "numpy-2.2.5-cp310-cp310-macosx_11_0_arm64.whl", hash = "sha256:b6f91524d31b34f4a5fee24f5bc16dcd1491b668798b6d85585d836c1e633a6a"},
    {file = "numpy-2.2.5-cp310-cp310-macosx_14_0_arm64.whl", hash = "sha256:19f4718c9012e3baea91a7dba661dcab2451cda2550678dc30d53acb91a7290f"},
    {file = "numpy-2.2.5-cp310-cp310-macosx_14_0_x86_64.whl", hash = "sha256:eb7fd5b184e5d277afa9ec0ad5e4eb562ecff541e7f60e69ee69c8d59e9aeaba"},
    {file = "numpy-2.2.5-cp310-cp310-manylinux_2_17_aarch64.manylinux2014_aarch64.whl", hash = "sha256:6413d48a9be53e183eb06495d8e3b006ef8f87c324af68241bbe7a39e8ff54c3"},
    {file = "numpy-2.2.5-cp310-cp310-manylinux_2_17_x86_64.manylinux2014_x86_64.whl", hash = "sha256:7451f92eddf8503c9b8aa4fe6aa7e87fd51a29c2cfc5f7dbd72efde6c65acf57"},
    {file = "numpy-2.2.5-cp310-cp310-musllinux_1_2_aarch64.whl", hash = "sha256:0bcb1d057b7571334139129b7f941588f69ce7c4ed15a9d6162b2ea54ded700c"},
    {file = "numpy-2.2.5-cp310-cp310-musllinux_1_2_x86_64.whl", hash = "sha256:36ab5b23915887543441efd0417e6a3baa08634308894316f446027611b53bf1"},
    {file = "numpy-2.2.5-cp310-cp310-win32.whl", hash = "sha256:422cc684f17bc963da5f59a31530b3936f57c95a29743056ef7a7903a5dbdf88"},
    {file = "numpy-2.2.5-cp310-cp310-win_amd64.whl", hash = "sha256:e4f0b035d9d0ed519c813ee23e0a733db81ec37d2e9503afbb6e54ccfdee0fa7"},
    {file = "numpy-2.2.5-cp311-cp311-macosx_10_9_x86_64.whl", hash = "sha256:c42365005c7a6c42436a54d28c43fe0e01ca11eb2ac3cefe796c25a5f98e5e9b"},
    {file = "numpy-2.2.5-cp311-cp311-macosx_11_0_arm64.whl", hash = "sha256:498815b96f67dc347e03b719ef49c772589fb74b8ee9ea2c37feae915ad6ebda"},
    {file = "numpy-2.2.5-cp311-cp311-macosx_14_0_arm64.whl", hash = "sha256:6411f744f7f20081b1b4e7112e0f4c9c5b08f94b9f086e6f0adf3645f85d3a4d"},
    {file = "numpy-2.2.5-cp311-cp311-macosx_14_0_x86_64.whl", hash = "sha256:9de6832228f617c9ef45d948ec1cd8949c482238d68b2477e6f642c33a7b0a54"},
    {file = "numpy-2.2.5-cp311-cp311-manylinux_2_17_aarch64.manylinux2014_aarch64.whl", hash = "sha256:369e0d4647c17c9363244f3468f2227d557a74b6781cb62ce57cf3ef5cc7c610"},
    {file = "numpy-2.2.5-cp311-cp311-manylinux_2_17_x86_64.manylinux2014_x86_64.whl", hash = "sha256:262d23f383170f99cd9191a7c85b9a50970fe9069b2f8ab5d786eca8a675d60b"},
    {file = "numpy-2.2.5-cp311-cp311-musllinux_1_2_aarch64.whl", hash = "sha256:aa70fdbdc3b169d69e8c59e65c07a1c9351ceb438e627f0fdcd471015cd956be"},
    {file = "numpy-2.2.5-cp311-cp311-musllinux_1_2_x86_64.whl", hash = "sha256:37e32e985f03c06206582a7323ef926b4e78bdaa6915095ef08070471865b906"},
    {file = "numpy-2.2.5-cp311-cp311-win32.whl", hash = "sha256:f5045039100ed58fa817a6227a356240ea1b9a1bc141018864c306c1a16d4175"},
    {file = "numpy-2.2.5-cp311-cp311-win_amd64.whl", hash = "sha256:b13f04968b46ad705f7c8a80122a42ae8f620536ea38cf4bdd374302926424dd"},
    {file = "numpy-2.2.5-cp312-cp312-macosx_10_13_x86_64.whl", hash = "sha256:ee461a4eaab4f165b68780a6a1af95fb23a29932be7569b9fab666c407969051"},
    {file = "numpy-2.2.5-cp312-cp312-macosx_11_0_arm64.whl", hash = "sha256:ec31367fd6a255dc8de4772bd1658c3e926d8e860a0b6e922b615e532d320ddc"},
    {file = "numpy-2.2.5-cp312-cp312-macosx_14_0_arm64.whl", hash = "sha256:47834cde750d3c9f4e52c6ca28a7361859fcaf52695c7dc3cc1a720b8922683e"},
    {file = "numpy-2.2.5-cp312-cp312-macosx_14_0_x86_64.whl", hash = "sha256:2c1a1c6ccce4022383583a6ded7bbcda22fc635eb4eb1e0a053336425ed36dfa"},
    {file = "numpy-2.2.5-cp312-cp312-manylinux_2_17_aarch64.manylinux2014_aarch64.whl", hash = "sha256:9d75f338f5f79ee23548b03d801d28a505198297534f62416391857ea0479571"},
    {file = "numpy-2.2.5-cp312-cp312-manylinux_2_17_x86_64.manylinux2014_x86_64.whl", hash = "sha256:3a801fef99668f309b88640e28d261991bfad9617c27beda4a3aec4f217ea073"},
    {file = "numpy-2.2.5-cp312-cp312-musllinux_1_2_aarch64.whl", hash = "sha256:abe38cd8381245a7f49967a6010e77dbf3680bd3627c0fe4362dd693b404c7f8"},
    {file = "numpy-2.2.5-cp312-cp312-musllinux_1_2_x86_64.whl", hash = "sha256:5a0ac90e46fdb5649ab6369d1ab6104bfe5854ab19b645bf5cda0127a13034ae"},
    {file = "numpy-2.2.5-cp312-cp312-win32.whl", hash = "sha256:0cd48122a6b7eab8f06404805b1bd5856200e3ed6f8a1b9a194f9d9054631beb"},
    {file = "numpy-2.2.5-cp312-cp312-win_amd64.whl", hash = "sha256:ced69262a8278547e63409b2653b372bf4baff0870c57efa76c5703fd6543282"},
    {file = "numpy-2.2.5-cp313-cp313-macosx_10_13_x86_64.whl", hash = "sha256:059b51b658f4414fff78c6d7b1b4e18283ab5fa56d270ff212d5ba0c561846f4"},
    {file = "numpy-2.2.5-cp313-cp313-macosx_11_0_arm64.whl", hash = "sha256:47f9ed103af0bc63182609044b0490747e03bd20a67e391192dde119bf43d52f"},
    {file = "numpy-2.2.5-cp313-cp313-macosx_14_0_arm64.whl", hash = "sha256:261a1ef047751bb02f29dfe337230b5882b54521ca121fc7f62668133cb119c9"},
    {file = "numpy-2.2.5-cp313-cp313-macosx_14_0_x86_64.whl", hash = "sha256:4520caa3807c1ceb005d125a75e715567806fed67e315cea619d5ec6e75a4191"},
    {file = "numpy-2.2.5-cp313-cp313-manylinux_2_17_aarch64.manylinux2014_aarch64.whl", hash = "sha256:3d14b17b9be5f9c9301f43d2e2a4886a33b53f4e6fdf9ca2f4cc60aeeee76372"},
    {file = "numpy-2.2.5-cp313-cp313-manylinux_2_17_x86_64.manylinux2014_x86_64.whl", hash = "sha256:2ba321813a00e508d5421104464510cc962a6f791aa2fca1c97b1e65027da80d"},
    {file = "numpy-2.2.5-cp313-cp313-musllinux_1_2_aarch64.whl", hash = "sha256:a4cbdef3ddf777423060c6f81b5694bad2dc9675f110c4b2a60dc0181543fac7"},
    {file = "numpy-2.2.5-cp313-cp313-musllinux_1_2_x86_64.whl", hash = "sha256:54088a5a147ab71a8e7fdfd8c3601972751ded0739c6b696ad9cb0343e21ab73"},
    {file = "numpy-2.2.5-cp313-cp313-win32.whl", hash = "sha256:c8b82a55ef86a2d8e81b63da85e55f5537d2157165be1cb2ce7cfa57b6aef38b"},
    {file = "numpy-2.2.5-cp313-cp313-win_amd64.whl", hash = "sha256:d8882a829fd779f0f43998e931c466802a77ca1ee0fe25a3abe50278616b1471"},
    {file = "numpy-2.2.5-cp313-cp313t-macosx_10_13_x86_64.whl", hash = "sha256:e8b025c351b9f0e8b5436cf28a07fa4ac0204d67b38f01433ac7f9b870fa38c6"},
    {file = "numpy-2.2.5-cp313-cp313t-macosx_11_0_arm64.whl", hash = "sha256:8dfa94b6a4374e7851bbb6f35e6ded2120b752b063e6acdd3157e4d2bb922eba"},
    {file = "numpy-2.2.5-cp313-cp313t-macosx_14_0_arm64.whl", hash = "sha256:97c8425d4e26437e65e1d189d22dff4a079b747ff9c2788057bfb8114ce1e133"},
    {file = "numpy-2.2.5-cp313-cp313t-macosx_14_0_x86_64.whl", hash = "sha256:352d330048c055ea6db701130abc48a21bec690a8d38f8284e00fab256dc1376"},
    {file = "numpy-2.2.5-cp313-cp313t-manylinux_2_17_aarch64.manylinux2014_aarch64.whl", hash = "sha256:8b4c0773b6ada798f51f0f8e30c054d32304ccc6e9c5d93d46cb26f3d385ab19"},
    {file = "numpy-2.2.5-cp313-cp313t-manylinux_2_17_x86_64.manylinux2014_x86_64.whl", hash = "sha256:55f09e00d4dccd76b179c0f18a44f041e5332fd0e022886ba1c0bbf3ea4a18d0"},
    {file = "numpy-2.2.5-cp313-cp313t-musllinux_1_2_aarch64.whl", hash = "sha256:02f226baeefa68f7d579e213d0f3493496397d8f1cff5e2b222af274c86a552a"},
    {file = "numpy-2.2.5-cp313-cp313t-musllinux_1_2_x86_64.whl", hash = "sha256:c26843fd58f65da9491165072da2cccc372530681de481ef670dcc8e27cfb066"},
    {file = "numpy-2.2.5-cp313-cp313t-win32.whl", hash = "sha256:1a161c2c79ab30fe4501d5a2bbfe8b162490757cf90b7f05be8b80bc02f7bb8e"},
    {file = "numpy-2.2.5-cp313-cp313t-win_amd64.whl", hash = "sha256:d403c84991b5ad291d3809bace5e85f4bbf44a04bdc9a88ed2bb1807b3360bb8"},
    {file = "numpy-2.2.5-pp310-pypy310_pp73-macosx_10_15_x86_64.whl", hash = "sha256:b4ea7e1cff6784e58fe281ce7e7f05036b3e1c89c6f922a6bfbc0a7e8768adbe"},
    {file = "numpy-2.2.5-pp310-pypy310_pp73-macosx_14_0_x86_64.whl", hash = "sha256:d7543263084a85fbc09c704b515395398d31d6395518446237eac219eab9e55e"},
    {file = "numpy-2.2.5-pp310-pypy310_pp73-manylinux_2_17_x86_64.manylinux2014_x86_64.whl", hash = "sha256:0255732338c4fdd00996c0421884ea8a3651eea555c3a56b84892b66f696eb70"},
    {file = "numpy-2.2.5-pp310-pypy310_pp73-win_amd64.whl", hash = "sha256:d2e3bdadaba0e040d1e7ab39db73e0afe2c74ae277f5614dad53eadbecbbb169"},
    {file = "numpy-2.2.5.tar.gz", hash = "sha256:a9c0d994680cd991b1cb772e8b297340085466a6fe964bc9d4e80f5e2f43c291"},
]

[[package]]
name = "pygame"
version = "2.6.1"
description = "Python Game Development"
optional = false
python-versions = ">=3.6"
files = [
    {file = "pygame-2.6.1-cp310-cp310-macosx_10_9_x86_64.whl", hash = "sha256:9beeb647e555afb5657111fa83acb74b99ad88761108eaea66472e8b8547b55b"},
    {file = "pygame-2.6.1-cp310-cp310-macosx_11_0_arm64.whl", hash = "sha256:10e3d2a55f001f6c0a6eb44aa79ea7607091c9352b946692acedb2ac1482f1c9"},
    {file = "pygame-2.6.1-cp310-cp310-manylinux_2_17_aarch64.manylinux2014_aarch64.whl", hash = "sha256:816e85000c5d8b02a42b9834f761a5925ef3377d2924e3a7c4c143d2990ce5b8"},
    {file = "pygame-2.6.1-cp310-cp310-manylinux_2_17_i686.manylinux2014_i686.whl", hash = "sha256:8a78fd030d98faab4a8e27878536fdff7518d3e062a72761c552f624ebba5a5f"},
    {file = "pygame-2.6.1-cp310-cp310-manylinux_2_17_x86_64.manylinux2014_x86_64.whl", hash = "sha256:da3ad64d685f84a34ebe5daacb39fff14f1251acb34c098d760d63fee768f50c"},
    {file = "pygame-2.6.1-cp310-cp310-win32.whl", hash = "sha256:9dd5c054d4bd875a8caf978b82672f02bec332f52a833a76899220c460bb4b58"},
    {file = "pygame-2.6.1-cp310-cp310-win_amd64.whl", hash = "sha256:00827aba089355925902d533f9c41e79a799641f03746c50a374dc5c3362e43d"},
    {file = "pygame-2.6.1-cp311-cp311-macosx_10_9_x86_64.whl", hash = "sha256:20349195326a5e82a16e351ed93465a7845a7e2a9af55b7bc1b2110ea3e344e1"},
    {file = "pygame-2.6.1-cp311-cp311-macosx_11_0_arm64.whl", hash = "sha256:f3935459109da4bb0b3901da9904f0a3e52028a3332a355d298b1673a334cf21"},
    {file = "pygame-2.6.1-cp311-cp311-manylinux_2_17_aarch64.manylinux2014_aarch64.whl", hash = "sha256:c31dbdb5d0217f32764797d21c2752e258e5fb7e895326538d82b5f75a0cd856"},
    {file = "pygame-2.6.1-cp311-cp311-manylinux_2_17_i686.manylinux2014_i686.whl", hash = "sha256:173badf82fa198e6888017bea40f511cb28e69ecdd5a72b214e81e4dcd66c3b1"},
    {file = "pygame-2.6.1-cp311-cp311-manylinux_2_17_x86_64.manylinux2014_x86_64.whl", hash = "sha256:ce8cc108b92de9b149b344ad2e25eedbe773af0dc41dfb24d1f07f679b558c60"},
    {file = "pygame-2.6.1-cp311-cp311-win32.whl", hash = "sha256:811e7b925146d8149d79193652cbb83e0eca0aae66476b1cb310f0f4226b8b5c"},
    {file = "pygame-2.6.1-cp311-cp311-win_amd64.whl", hash = "sha256:91476902426facd4bb0dad4dc3b2573bc82c95c71b135e0daaea072ed528d299"},
    {file = "pygame-2.6.1-cp312-cp312-macosx_10_9_x86_64.whl", hash = "sha256:4ee7f2771f588c966fa2fa8b829be26698c9b4836f82ede5e4edc1a68594942e"},
    {file = "pygame-2.6.1-cp312-cp312-macosx_11_0_arm64.whl", hash = "sha256:c8040ea2ab18c6b255af706ec01355c8a6b08dc48d77fd4ee783f8fc46a843bf"},
    {file = "pygame-2.6.1-cp312-cp312-manylinux_2_17_aarch64.manylinux2014_aarch64.whl", hash = "sha256:c47a6938de93fa610accd4969e638c2aebcb29b2fca518a84c3a39d91ab47116"},
    {file = "pygame-2.6.1-cp312-cp312-manylinux_2_17_i686.manylinux2014_i686.whl", hash = "sha256:33006f784e1c7d7e466fcb61d5489da59cc5f7eb098712f792a225df1d4e229d"},
    {file = "pygame-2.6.1-cp312-cp312-manylinux_2_17_x86_64.manylinux2014_x86_64.whl", hash = "sha256:1206125f14cae22c44565c9d333607f1d9f59487b1f1432945dfc809aeaa3e88"},
    {file = "pygame-2.6.1-cp312-cp312-win32.whl", hash = "sha256:84fc4054e25262140d09d39e094f6880d730199710829902f0d8ceae0213379e"},
    {file = "pygame-2.6.1-cp312-cp312-win_amd64.whl", hash = "sha256:3a9e7396be0d9633831c3f8d5d82dd63ba373ad65599628294b7a4f8a5a01a65"},
    {file = "pygame-2.6.1-cp313-cp313-macosx_10_13_x86_64.whl", hash = "sha256:ae6039f3a55d800db80e8010f387557b528d34d534435e0871326804df2a62f2"},
    {file = "pygame-2.6.1-cp313-cp313-macosx_11_0_arm64.whl", hash = "sha256:2a3a1288e2e9b1e5834e425bedd5ba01a3cd4902b5c2bff8ed4a740ccfe98171"},
    {file = "pygame-2.6.1-cp313-cp313-manylinux_2_17_aarch64.manylinux2014_aarch64.whl", hash = "sha256:27eb17e3dc9640e4b4683074f1890e2e879827447770470c2aba9f125f74510b"},
    {file = "pygame-2.6.1-cp313-cp313-manylinux_2_17_i686.manylinux2014_i686.whl", hash = "sha256:4c1623180e70a03c4a734deb9bac50fc9c82942ae84a3a220779062128e75f3b"},
    {file = "pygame-2.6.1-cp313-cp313-manylinux_2_17_x86_64.manylinux2014_x86_64.whl", hash = "sha256:ef07c0103d79492c21fced9ad68c11c32efa6801ca1920ebfd0f15fb46c78b1c"},
    {file = "pygame-2.6.1-cp313-cp313-win32.whl", hash = "sha256:3acd8c009317190c2bfd81db681ecef47d5eb108c2151d09596d9c7ea9df5c0e"},
    {file = "pygame-2.6.1-cp313-cp313-win_amd64.whl", hash = "sha256:813af4fba5d0b2cb8e58f5d95f7910295c34067dcc290d34f1be59c48bd1ea6a"},
    {file = "pygame-2.6.1-cp36-cp36m-macosx_10_9_x86_64.whl", hash = "sha256:56ffca6059b165bbf64f4b4be23b8068f6a0e220780e4f96ec0bb5ac3c63ec39"},
    {file = "pygame-2.6.1-cp36-cp36m-manylinux_2_17_aarch64.manylinux2014_aarch64.whl", hash = "sha256:3bede70ec708057e305815d6546012669226d1d80566785feca9b044216062e7"},
    {file = "pygame-2.6.1-cp36-cp36m-manylinux_2_17_i686.manylinux2014_i686.whl", hash = "sha256:f84f15d146d6aa93254008a626c56ef96fed276006202881a47b29757f0cd65a"},
    {file = "pygame-2.6.1-cp36-cp36m-manylinux_2_17_x86_64.manylinux2014_x86_64.whl", hash = "sha256:14f9dda45469b254c0f15edaaeaa85d2cc072ff6a83584a265f5d684c7f7efd8"},
    {file = "pygame-2.6.1-cp36-cp36m-win32.whl", hash = "sha256:28b43190436037e428a5be28fc80cf6615304fd528009f2c688cc828f4ff104b"},
    {file = "pygame-2.6.1-cp36-cp36m-win_amd64.whl", hash = "sha256:a4b8f04fceddd9a3ac30778d11f0254f59efcd1c382d5801271113cea8b4f2f3"},
    {file = "pygame-2.6.1-cp37-cp37m-macosx_10_9_x86_64.whl", hash = "sha256:a620883d589926f157b8f1d1f543183ac52e5c30507dea445e3927ae0bee1c54"},
    {file = "pygame-2.6.1-cp37-cp37m-manylinux_2_17_aarch64.manylinux2014_aarch64.whl", hash = "sha256:b46e68cd168f44d0224c670bb72186688fc692d7079715f79d04096757d703d0"},
    {file = "pygame-2.6.1-cp37-cp37m-manylinux_2_17_i686.manylinux2014_i686.whl", hash = "sha256:c0b11356ac96261162d54a2c2b41a41978f00525631b01ec9c4fe26b01c66595"},
    {file = "pygame-2.6.1-cp37-cp37m-manylinux_2_17_x86_64.manylinux2014_x86_64.whl", hash = "sha256:325a84d072d52e3c2921eff02f87c6a74b7e77d71db3bdf53801c6c975f1b6c4"},
    {file = "pygame-2.6.1-cp37-cp37m-win32.whl", hash = "sha256:2a615d78b2364e86f541458ff41c2a46181b9a1e9eabd97b389282fdf04efbb3"},
    {file = "pygame-2.6.1-cp37-cp37m-win_amd64.whl", hash = "sha256:94afd1177680d92f9214c54966ad3517d18210c4fbc5d84a0192d218e93647e0"},
    {file = "pygame-2.6.1-cp38-cp38-macosx_10_9_x86_64.whl", hash = "sha256:97ac4e13847b6b293ecaffa5ffce9886c98d09c03309406931cc592f0cea6366"},
    {file = "pygame-2.6.1-cp38-cp38-macosx_11_0_arm64.whl", hash = "sha256:d1a7f2b66ac2e4c9583b6d4c6d6f346fb10a3392c04163f537061f86a448ed5c"},
    {file = "pygame-2.6.1-cp38-cp38-manylinux_2_17_aarch64.manylinux2014_aarch64.whl", hash = "sha256:ac3f033d2be4a9e23660a96afe2986df3a6916227538a6a0061bc218c5088507"},
    {file = "pygame-2.6.1-cp38-cp38-manylinux_2_17_i686.manylinux2014_i686.whl", hash = "sha256:a1bf7ab5311bbced70320f1a56701650b4c18231343ae5af42111eea91e0949a"},
    {file = "pygame-2.6.1-cp38-cp38-manylinux_2_17_x86_64.manylinux2014_x86_64.whl", hash = "sha256:21160d9093533eb831f1b708e630706e5ac16b30750571ec27bc3b8364814f38"},
    {file = "pygame-2.6.1-cp38-cp38-win32.whl", hash = "sha256:7bffdd3eaf394d9645331d1c3a5df9d782ebcc3c5a78f3b657c7879a828dd111"},
    {file = "pygame-2.6.1-cp38-cp38-win_amd64.whl", hash = "sha256:818b4eaec9c4acb6ac64805d4ca8edd4062bebca77bd815c18739fe2842c97e9"},
    {file = "pygame-2.6.1-cp39-cp39-macosx_10_9_x86_64.whl", hash = "sha256:15efaa11a80a65dd589a95bebe812fa5bfc7e14946b638a424c5bd9ac6cca1a4"},
    {file = "pygame-2.6.1-cp39-cp39-macosx_11_0_arm64.whl", hash = "sha256:481cfe1bdbb7fe00acc5950c494c26f00240888619bdc396fc8c39a734797432"},
    {file = "pygame-2.6.1-cp39-cp39-manylinux_2_17_aarch64.manylinux2014_aarch64.whl", hash = "sha256:5d09fd950725d187aa5207c0cb8eb9ab0d2f8ce9ab8d189c30eeb470e71b617e"},
    {file = "pygame-2.6.1-cp39-cp39-manylinux_2_17_i686.manylinux2014_i686.whl", hash = "sha256:163e66de169bd5670c86e27d0b74aad0d2d745e3b63cf4e7eb5b2bff1231ca8d"},
    {file = "pygame-2.6.1-cp39-cp39-manylinux_2_17_x86_64.manylinux2014_x86_64.whl", hash = "sha256:fb6e8d0547f30ddc845f4fd1e33070ef548233ad0dbf21f7ecea768883d1bbdc"},
    {file = "pygame-2.6.1-cp39-cp39-win32.whl", hash = "sha256:d29eb9a93f12aa3d997b6e3c447ac85b2a4b142ab2548441523a8fcf5e216042"},
    {file = "pygame-2.6.1-cp39-cp39-win_amd64.whl", hash = "sha256:6582aa71a681e02e55d43150a9ab41394e6bf4d783d2962a10aea58f424be060"},
    {file = "pygame-2.6.1-pp36-pypy36_pp73-win32.whl", hash = "sha256:4a8ea113b1bf627322a025a1a5a87e3818a7f55ab3a4077ff1ae5c8c60576614"},
    {file = "pygame-2.6.1-pp38-pypy38_pp73-macosx_10_9_x86_64.whl", hash = "sha256:b7f9f8e6f76de36f4725175d686601214af362a4f30614b4dae2240198e72e6f"},
    {file = "pygame-2.6.1-pp39-pypy39_pp73-macosx_10_15_x86_64.whl", hash = "sha256:bbb7167c92103a2091366e9af26d4914ba3776666e8677d3c93551353fffa626"},
    {file = "pygame-2.6.1-pp39-pypy39_pp73-manylinux_2_17_i686.manylinux2014_i686.whl", hash = "sha256:17498a2b043bc0e795faedef1b081199c688890200aef34991c1941caa2d2c89"},
    {file = "pygame-2.6.1-pp39-pypy39_pp73-manylinux_2_17_x86_64.manylinux2014_x86_64.whl", hash = "sha256:7103c60939bbc1e05cfc7ba3f1d2ad3bbf103b7828b82a7166a9ab6f51950146"},
    {file = "pygame-2.6.1.tar.gz", hash = "sha256:56fb02ead529cee00d415c3e007f75e0780c655909aaa8e8bf616ee09c9feb1f"},
]

[metadata]
lock-version = "2.0"
python-versions = "^3.11"
content-hash = "c0209506893d229f87c3ae73361f3758e51b5a8ee4469ec4f400940ad197df48"
